
Microsoft Visual Studio Solution File, Format Version 12.00
# Visual Studio Version 17
VisualStudioVersion = 17.5.33516.290
MinimumVisualStudioVersion = 10.0.40219.1
Project("{FAE04EC0-301F-11D3-BF4B-00C04F79EFBC}") = "TypesAndVariables", "TypesAndVariables\TypesAndVariables.csproj", "{839DBEB8-0F83-4DD0-87A8-985405881C4A}"
EndProject
Project("{FAE04EC0-301F-11D3-BF4B-00C04F79EFBC}") = "Conditionals", "Conditionals\Conditionals.csproj", "{AFB1ED48-1C90-46BA-AA44-9FCBEE77E244}"
EndProject
Project("{FAE04EC0-301F-11D3-BF4B-00C04F79EFBC}") = "Methods", "Methods\Methods.csproj", "{AF7D6BCE-2806-4A29-972D-FF2E68586B36}"
EndProject
Project("{FAE04EC0-301F-11D3-BF4B-00C04F79EFBC}") = "Arrays", "Arrays\Arrays.csproj", "{7C3294FE-B21E-4C3A-B9BD-C27602EEECA8}"
EndProject
Project("{FAE04EC0-301F-11D3-BF4B-00C04F79EFBC}") = "Loops", "Loops\Loops.csproj", "{9481D1E3-A6A4-4029-8065-64A54B421AB1}"
EndProject
Project("{FAE04EC0-301F-11D3-BF4B-00C04F79EFBC}") = "Strings", "Strings\Strings.csproj", "{9431EEAD-ABBD-4543-BDB7-C6894E5EF3CD}"
EndProject
Global
	GlobalSection(SolutionConfigurationPlatforms) = preSolution
		Debug|Any CPU = Debug|Any CPU
		Release|Any CPU = Release|Any CPU
	EndGlobalSection
	GlobalSection(ProjectConfigurationPlatforms) = postSolution
		{839DBEB8-0F83-4DD0-87A8-985405881C4A}.Debug|Any CPU.ActiveCfg = Debug|Any CPU
		{839DBEB8-0F83-4DD0-87A8-985405881C4A}.Debug|Any CPU.Build.0 = Debug|Any CPU
		{839DBEB8-0F83-4DD0-87A8-985405881C4A}.Release|Any CPU.ActiveCfg = Release|Any CPU
		{839DBEB8-0F83-4DD0-87A8-985405881C4A}.Release|Any CPU.Build.0 = Release|Any CPU
		{AFB1ED48-1C90-46BA-AA44-9FCBEE77E244}.Debug|Any CPU.ActiveCfg = Debug|Any CPU
		{AFB1ED48-1C90-46BA-AA44-9FCBEE77E244}.Debug|Any CPU.Build.0 = Debug|Any CPU
		{AFB1ED48-1C90-46BA-AA44-9FCBEE77E244}.Release|Any CPU.ActiveCfg = Release|Any CPU
		{AFB1ED48-1C90-46BA-AA44-9FCBEE77E244}.Release|Any CPU.Build.0 = Release|Any CPU
		{AF7D6BCE-2806-4A29-972D-FF2E68586B36}.Debug|Any CPU.ActiveCfg = Debug|Any CPU
		{AF7D6BCE-2806-4A29-972D-FF2E68586B36}.Debug|Any CPU.Build.0 = Debug|Any CPU
		{AF7D6BCE-2806-4A29-972D-FF2E68586B36}.Release|Any CPU.ActiveCfg = Release|Any CPU
		{AF7D6BCE-2806-4A29-972D-FF2E68586B36}.Release|Any CPU.Build.0 = Release|Any CPU
		{7C3294FE-B21E-4C3A-B9BD-C27602EEECA8}.Debug|Any CPU.ActiveCfg = Debug|Any CPU
		{7C3294FE-B21E-4C3A-B9BD-C27602EEECA8}.Debug|Any CPU.Build.0 = Debug|Any CPU
		{7C3294FE-B21E-4C3A-B9BD-C27602EEECA8}.Release|Any CPU.ActiveCfg = Release|Any CPU
		{7C3294FE-B21E-4C3A-B9BD-C27602EEECA8}.Release|Any CPU.Build.0 = Release|Any CPU
		{9481D1E3-A6A4-4029-8065-64A54B421AB1}.Debug|Any CPU.ActiveCfg = Debug|Any CPU
		{9481D1E3-A6A4-4029-8065-64A54B421AB1}.Debug|Any CPU.Build.0 = Debug|Any CPU
		{9481D1E3-A6A4-4029-8065-64A54B421AB1}.Release|Any CPU.ActiveCfg = Release|Any CPU
		{9481D1E3-A6A4-4029-8065-64A54B421AB1}.Release|Any CPU.Build.0 = Release|Any CPU
		{9431EEAD-ABBD-4543-BDB7-C6894E5EF3CD}.Debug|Any CPU.ActiveCfg = Debug|Any CPU
		{9431EEAD-ABBD-4543-BDB7-C6894E5EF3CD}.Debug|Any CPU.Build.0 = Debug|Any CPU
		{9431EEAD-ABBD-4543-BDB7-C6894E5EF3CD}.Release|Any CPU.ActiveCfg = Release|Any CPU
		{9431EEAD-ABBD-4543-BDB7-C6894E5EF3CD}.Release|Any CPU.Build.0 = Release|Any CPU
	EndGlobalSection
	GlobalSection(SolutionProperties) = preSolution
		HideSolutionNode = FALSE
	EndGlobalSection
	GlobalSection(ExtensibilityGlobals) = postSolution
		SolutionGuid = {54D924D4-518E-4AEE-8DAB-9042E7DDF058}
	EndGlobalSection
EndGlobal
